
Microsoft Visual Studio Solution File, Format Version 12.00
# Visual Studio Version 17
VisualStudioVersion = 17.10.35004.147
MinimumVisualStudioVersion = 10.0.40219.1
Project("{9A19103F-16F7-4668-BE54-9A1E7A4F7556}") = "MicroSass.Domain", "src\MicroSass.Domain\MicroSass.Domain.csproj", "{636C3CB6-D653-408B-B626-4858C5B36EEB}"
EndProject
Project("{9A19103F-16F7-4668-BE54-9A1E7A4F7556}") = "MicroSass.Application", "src\MicroSass.Application\MicroSass.Application.csproj", "{34053CBE-4C31-4C01-A250-AAC9388841E7}"
EndProject
Project("{9A19103F-16F7-4668-BE54-9A1E7A4F7556}") = "MicroSass.Infrastructure", "src\MicroSass.Infrastructure\MicroSass.Infrastructure.csproj", "{F6A37ED7-9009-4E5E-B41F-6A1143E7822B}"
EndProject
Project("{FAE04EC0-301F-11D3-BF4B-00C04F79EFBC}") = "MicroSass.API", "src\MicroSass.API\MicroSass.API.csproj", "{66FCEE83-218A-41D6-8956-53ECAD53C36C}"
EndProject
Global
	GlobalSection(SolutionConfigurationPlatforms) = preSolution
		Debug|Any CPU = Debug|Any CPU
		Release|Any CPU = Release|Any CPU
	EndGlobalSection
	GlobalSection(ProjectConfigurationPlatforms) = postSolution
		{636C3CB6-D653-408B-B626-4858C5B36EEB}.Debug|Any CPU.ActiveCfg = Debug|Any CPU
		{636C3CB6-D653-408B-B626-4858C5B36EEB}.Debug|Any CPU.Build.0 = Debug|Any CPU
		{636C3CB6-D653-408B-B626-4858C5B36EEB}.Release|Any CPU.ActiveCfg = Release|Any CPU
		{636C3CB6-D653-408B-B626-4858C5B36EEB}.Release|Any CPU.Build.0 = Release|Any CPU
		{34053CBE-4C31-4C01-A250-AAC9388841E7}.Debug|Any CPU.ActiveCfg = Debug|Any CPU
		{34053CBE-4C31-4C01-A250-AAC9388841E7}.Debug|Any CPU.Build.0 = Debug|Any CPU
		{34053CBE-4C31-4C01-A250-AAC9388841E7}.Release|Any CPU.ActiveCfg = Release|Any CPU
		{34053CBE-4C31-4C01-A250-AAC9388841E7}.Release|Any CPU.Build.0 = Release|Any CPU
		{F6A37ED7-9009-4E5E-B41F-6A1143E7822B}.Debug|Any CPU.ActiveCfg = Debug|Any CPU
		{F6A37ED7-9009-4E5E-B41F-6A1143E7822B}.Debug|Any CPU.Build.0 = Debug|Any CPU
		{F6A37ED7-9009-4E5E-B41F-6A1143E7822B}.Release|Any CPU.ActiveCfg = Release|Any CPU
		{F6A37ED7-9009-4E5E-B41F-6A1143E7822B}.Release|Any CPU.Build.0 = Release|Any CPU
		{66FCEE83-218A-41D6-8956-53ECAD53C36C}.Debug|Any CPU.ActiveCfg = Debug|Any CPU
		{66FCEE83-218A-41D6-8956-53ECAD53C36C}.Debug|Any CPU.Build.0 = Debug|Any CPU
		{66FCEE83-218A-41D6-8956-53ECAD53C36C}.Release|Any CPU.ActiveCfg = Release|Any CPU
		{66FCEE83-218A-41D6-8956-53ECAD53C36C}.Release|Any CPU.Build.0 = Release|Any CPU
	EndGlobalSection
	GlobalSection(SolutionProperties) = preSolution
		HideSolutionNode = FALSE
	EndGlobalSection
	GlobalSection(ExtensibilityGlobals) = postSolution
		SolutionGuid = {AC8FDF7A-726B-4DF3-985E-EA5BB3239A77}
	EndGlobalSection
EndGlobal
